
Microsoft Visual Studio Solution File, Format Version 12.00
# Visual Studio 15
VisualStudioVersion = 15.0.27130.2027
MinimumVisualStudioVersion = 10.0.40219.1
Project("{FAE04EC0-301F-11D3-BF4B-00C04F79EFBC}") = "AwsSmtpCredential", "AwsSmtpCredential.csproj", "{725221E7-88FB-44CE-A8F5-F60499357CF2}"
EndProject
Global
	GlobalSection(SolutionConfigurationPlatforms) = preSolution
		Debug|Any CPU = Debug|Any CPU
		Release|Any CPU = Release|Any CPU
	EndGlobalSection
	GlobalSection(ProjectConfigurationPlatforms) = postSolution
		{725221E7-88FB-44CE-A8F5-F60499357CF2}.Debug|Any CPU.ActiveCfg = Debug|Any CPU
		{725221E7-88FB-44CE-A8F5-F60499357CF2}.Debug|Any CPU.Build.0 = Debug|Any CPU
		{725221E7-88FB-44CE-A8F5-F60499357CF2}.Release|Any CPU.ActiveCfg = Release|Any CPU
		{725221E7-88FB-44CE-A8F5-F60499357CF2}.Release|Any CPU.Build.0 = Release|Any CPU
	EndGlobalSection
	GlobalSection(SolutionProperties) = preSolution
		HideSolutionNode = FALSE
	EndGlobalSection
	GlobalSection(ExtensibilityGlobals) = postSolution
		SolutionGuid = {6EC497BA-0C7C-4932-93CB-CECF2F9EE65B}
	EndGlobalSection
EndGlobal
